
Microsoft Visual Studio Solution File, Format Version 12.00
# Visual Studio Version 16
VisualStudioVersion = 16.0.31515.178
MinimumVisualStudioVersion = 10.0.40219.1
Project("{FAE04EC0-301F-11D3-BF4B-00C04F79EFBC}") = "Laboration 1", "Laboration 1\Laboration 1.csproj", "{DD511709-4404-43FE-979F-8FD1BB104C1B}"
EndProject
Global
	GlobalSection(SolutionConfigurationPlatforms) = preSolution
		Debug|Any CPU = Debug|Any CPU
		Release|Any CPU = Release|Any CPU
	EndGlobalSection
	GlobalSection(ProjectConfigurationPlatforms) = postSolution
		{DD511709-4404-43FE-979F-8FD1BB104C1B}.Debug|Any CPU.ActiveCfg = Debug|Any CPU
		{DD511709-4404-43FE-979F-8FD1BB104C1B}.Debug|Any CPU.Build.0 = Debug|Any CPU
		{DD511709-4404-43FE-979F-8FD1BB104C1B}.Release|Any CPU.ActiveCfg = Release|Any CPU
		{DD511709-4404-43FE-979F-8FD1BB104C1B}.Release|Any CPU.Build.0 = Release|Any CPU
	EndGlobalSection
	GlobalSection(SolutionProperties) = preSolution
		HideSolutionNode = FALSE
	EndGlobalSection
	GlobalSection(ExtensibilityGlobals) = postSolution
		SolutionGuid = {C0608368-E87D-48BF-8E0C-04A5AF4AA4AE}
	EndGlobalSection
EndGlobal
